// !$*UTF8*$!
{
	archiveVersion = 1;
	classes = {
	};
	objectVersion = 46;
	objects = {

/* Begin PBXBuildFile section */
		45F982959993478AB8222D85 /* libPods-ClusterizeTests.a in Frameworks */ = {isa = PBXBuildFile; fileRef = AB766E6DFC04401C8A28E069 /* libPods-ClusterizeTests.a */; };
		8680E51F1852D71700B2D841 /* Foundation.framework in Frameworks */ = {isa = PBXBuildFile; fileRef = 8680E51E1852D71700B2D841 /* Foundation.framework */; };
		8680E5211852D71700B2D841 /* CoreGraphics.framework in Frameworks */ = {isa = PBXBuildFile; fileRef = 8680E5201852D71700B2D841 /* CoreGraphics.framework */; };
		8680E5231852D71700B2D841 /* UIKit.framework in Frameworks */ = {isa = PBXBuildFile; fileRef = 8680E5221852D71700B2D841 /* UIKit.framework */; };
		8680E5291852D71700B2D841 /* InfoPlist.strings in Resources */ = {isa = PBXBuildFile; fileRef = 8680E5271852D71700B2D841 /* InfoPlist.strings */; };
		8680E52B1852D71700B2D841 /* main.m in Sources */ = {isa = PBXBuildFile; fileRef = 8680E52A1852D71700B2D841 /* main.m */; };
		8680E52F1852D71700B2D841 /* AppDelegate.m in Sources */ = {isa = PBXBuildFile; fileRef = 8680E52E1852D71700B2D841 /* AppDelegate.m */; };
		8680E5321852D71700B2D841 /* Main_iPhone.storyboard in Resources */ = {isa = PBXBuildFile; fileRef = 8680E5301852D71700B2D841 /* Main_iPhone.storyboard */; };
		8680E5351852D71700B2D841 /* Main_iPad.storyboard in Resources */ = {isa = PBXBuildFile; fileRef = 8680E5331852D71700B2D841 /* Main_iPad.storyboard */; };
		8680E5381852D71700B2D841 /* ViewController.m in Sources */ = {isa = PBXBuildFile; fileRef = 8680E5371852D71700B2D841 /* ViewController.m */; };
		8680E53A1852D71700B2D841 /* Images.xcassets in Resources */ = {isa = PBXBuildFile; fileRef = 8680E5391852D71700B2D841 /* Images.xcassets */; };
		8680E5621852D74800B2D841 /* Centroid.m in Sources */ = {isa = PBXBuildFile; fileRef = 8680E5581852D74800B2D841 /* Centroid.m */; };
		8680E5631852D74800B2D841 /* ClusterAnnotation.m in Sources */ = {isa = PBXBuildFile; fileRef = 8680E55A1852D74800B2D841 /* ClusterAnnotation.m */; };
		8680E5641852D74800B2D841 /* KDTree.m in Sources */ = {isa = PBXBuildFile; fileRef = 8680E55D1852D74800B2D841 /* KDTree.m */; };
		8680E5651852D74800B2D841 /* KDTreeNode.m in Sources */ = {isa = PBXBuildFile; fileRef = 8680E55F1852D74800B2D841 /* KDTreeNode.m */; };
		8680E5661852D74800B2D841 /* SingleAnnotation.m in Sources */ = {isa = PBXBuildFile; fileRef = 8680E5611852D74800B2D841 /* SingleAnnotation.m */; };
		8680E5681852D88500B2D841 /* MapKit.framework in Frameworks */ = {isa = PBXBuildFile; fileRef = 8680E5671852D88500B2D841 /* MapKit.framework */; };
		8680E571185318B200B2D841 /* SenTestingKit.framework in Frameworks */ = {isa = PBXBuildFile; fileRef = 8680E570185318B200B2D841 /* SenTestingKit.framework */; };
		8680E572185318B200B2D841 /* Foundation.framework in Frameworks */ = {isa = PBXBuildFile; fileRef = 8680E51E1852D71700B2D841 /* Foundation.framework */; };
		8680E573185318B200B2D841 /* UIKit.framework in Frameworks */ = {isa = PBXBuildFile; fileRef = 8680E5221852D71700B2D841 /* UIKit.framework */; };
		8680E579185318B200B2D841 /* InfoPlist.strings in Resources */ = {isa = PBXBuildFile; fileRef = 8680E577185318B200B2D841 /* InfoPlist.strings */; };
		8680E57B185318B200B2D841 /* ClusterizeTests.m in Sources */ = {isa = PBXBuildFile; fileRef = 8680E57A185318B200B2D841 /* ClusterizeTests.m */; };
		8680E585185378FD00B2D841 /* Clusterize_Unused_Tests.m in Sources */ = {isa = PBXBuildFile; fileRef = 8680E584185378FD00B2D841 /* Clusterize_Unused_Tests.m */; };
		CA69A1FDCBFA411AADE4A4CA /* libPods.a in Frameworks */ = {isa = PBXBuildFile; fileRef = 64A2E1EFF09444B39D50A3B9 /* libPods.a */; };
/* End PBXBuildFile section */

/* Begin PBXFileReference section */
		50002AE1D84443E58EEC6E95 /* Pods.xcconfig */ = {isa = PBXFileReference; includeInIndex = 1; lastKnownFileType = text.xcconfig; name = Pods.xcconfig; path = Pods/Pods.xcconfig; sourceTree = "<group>"; };
		518321928A89427C967EDAB4 /* Pods-ClusterizeTests.xcconfig */ = {isa = PBXFileReference; includeInIndex = 1; lastKnownFileType = text.xcconfig; name = "Pods-ClusterizeTests.xcconfig"; path = "Pods/Pods-ClusterizeTests.xcconfig"; sourceTree = "<group>"; };
		64A2E1EFF09444B39D50A3B9 /* libPods.a */ = {isa = PBXFileReference; explicitFileType = archive.ar; includeInIndex = 0; path = libPods.a; sourceTree = BUILT_PRODUCTS_DIR; };
		8680E51B1852D71700B2D841 /* ClusterizeDevelopmentApp.app */ = {isa = PBXFileReference; explicitFileType = wrapper.application; includeInIndex = 0; path = ClusterizeDevelopmentApp.app; sourceTree = BUILT_PRODUCTS_DIR; };
		8680E51E1852D71700B2D841 /* Foundation.framework */ = {isa = PBXFileReference; lastKnownFileType = wrapper.framework; name = Foundation.framework; path = System/Library/Frameworks/Foundation.framework; sourceTree = SDKROOT; };
		8680E5201852D71700B2D841 /* CoreGraphics.framework */ = {isa = PBXFileReference; lastKnownFileType = wrapper.framework; name = CoreGraphics.framework; path = System/Library/Frameworks/CoreGraphics.framework; sourceTree = SDKROOT; };
		8680E5221852D71700B2D841 /* UIKit.framework */ = {isa = PBXFileReference; lastKnownFileType = wrapper.framework; name = UIKit.framework; path = System/Library/Frameworks/UIKit.framework; sourceTree = SDKROOT; };
		8680E5261852D71700B2D841 /* ClusterizeDevelopmentApp-Info.plist */ = {isa = PBXFileReference; lastKnownFileType = text.plist.xml; path = "ClusterizeDevelopmentApp-Info.plist"; sourceTree = "<group>"; };
		8680E5281852D71700B2D841 /* en */ = {isa = PBXFileReference; lastKnownFileType = text.plist.strings; name = en; path = en.lproj/InfoPlist.strings; sourceTree = "<group>"; };
		8680E52A1852D71700B2D841 /* main.m */ = {isa = PBXFileReference; lastKnownFileType = sourcecode.c.objc; path = main.m; sourceTree = "<group>"; };
		8680E52C1852D71700B2D841 /* ClusterizeDevelopmentApp-Prefix.pch */ = {isa = PBXFileReference; lastKnownFileType = sourcecode.c.h; path = "ClusterizeDevelopmentApp-Prefix.pch"; sourceTree = "<group>"; };
		8680E52D1852D71700B2D841 /* AppDelegate.h */ = {isa = PBXFileReference; lastKnownFileType = sourcecode.c.h; path = AppDelegate.h; sourceTree = "<group>"; };
		8680E52E1852D71700B2D841 /* AppDelegate.m */ = {isa = PBXFileReference; lastKnownFileType = sourcecode.c.objc; path = AppDelegate.m; sourceTree = "<group>"; };
		8680E5311852D71700B2D841 /* Base */ = {isa = PBXFileReference; lastKnownFileType = file.storyboard; name = Base; path = Base.lproj/Main_iPhone.storyboard; sourceTree = "<group>"; };
		8680E5341852D71700B2D841 /* Base */ = {isa = PBXFileReference; lastKnownFileType = file.storyboard; name = Base; path = Base.lproj/Main_iPad.storyboard; sourceTree = "<group>"; };
		8680E5361852D71700B2D841 /* ViewController.h */ = {isa = PBXFileReference; lastKnownFileType = sourcecode.c.h; path = ViewController.h; sourceTree = "<group>"; };
		8680E5371852D71700B2D841 /* ViewController.m */ = {isa = PBXFileReference; lastKnownFileType = sourcecode.c.objc; path = ViewController.m; sourceTree = "<group>"; };
		8680E5391852D71700B2D841 /* Images.xcassets */ = {isa = PBXFileReference; lastKnownFileType = folder.assetcatalog; path = Images.xcassets; sourceTree = "<group>"; };
		8680E5401852D71700B2D841 /* XCTest.framework */ = {isa = PBXFileReference; lastKnownFileType = wrapper.framework; name = XCTest.framework; path = Library/Frameworks/XCTest.framework; sourceTree = DEVELOPER_DIR; };
		8680E5571852D74800B2D841 /* Centroid.h */ = {isa = PBXFileReference; fileEncoding = 4; lastKnownFileType = sourcecode.c.h; path = Centroid.h; sourceTree = "<group>"; };
		8680E5581852D74800B2D841 /* Centroid.m */ = {isa = PBXFileReference; fileEncoding = 4; lastKnownFileType = sourcecode.c.objc; path = Centroid.m; sourceTree = "<group>"; };
		8680E5591852D74800B2D841 /* ClusterAnnotation.h */ = {isa = PBXFileReference; fileEncoding = 4; lastKnownFileType = sourcecode.c.h; path = ClusterAnnotation.h; sourceTree = "<group>"; };
		8680E55A1852D74800B2D841 /* ClusterAnnotation.m */ = {isa = PBXFileReference; fileEncoding = 4; lastKnownFileType = sourcecode.c.objc; path = ClusterAnnotation.m; sourceTree = "<group>"; };
		8680E55B1852D74800B2D841 /* Geometry.h */ = {isa = PBXFileReference; fileEncoding = 4; lastKnownFileType = sourcecode.c.h; path = Geometry.h; sourceTree = "<group>"; };
		8680E55C1852D74800B2D841 /* KDTree.h */ = {isa = PBXFileReference; fileEncoding = 4; lastKnownFileType = sourcecode.c.h; path = KDTree.h; sourceTree = "<group>"; };
		8680E55D1852D74800B2D841 /* KDTree.m */ = {isa = PBXFileReference; fileEncoding = 4; lastKnownFileType = sourcecode.c.objc; path = KDTree.m; sourceTree = "<group>"; };
		8680E55E1852D74800B2D841 /* KDTreeNode.h */ = {isa = PBXFileReference; fileEncoding = 4; lastKnownFileType = sourcecode.c.h; path = KDTreeNode.h; sourceTree = "<group>"; };
		8680E55F1852D74800B2D841 /* KDTreeNode.m */ = {isa = PBXFileReference; fileEncoding = 4; lastKnownFileType = sourcecode.c.objc; path = KDTreeNode.m; sourceTree = "<group>"; };
		8680E5601852D74800B2D841 /* SingleAnnotation.h */ = {isa = PBXFileReference; fileEncoding = 4; lastKnownFileType = sourcecode.c.h; name = SingleAnnotation.h; path = ../../Clusterize/SingleAnnotation.h; sourceTree = "<group>"; };
		8680E5611852D74800B2D841 /* SingleAnnotation.m */ = {isa = PBXFileReference; fileEncoding = 4; lastKnownFileType = sourcecode.c.objc; path = SingleAnnotation.m; sourceTree = "<group>"; };
		8680E5671852D88500B2D841 /* MapKit.framework */ = {isa = PBXFileReference; lastKnownFileType = wrapper.framework; name = MapKit.framework; path = System/Library/Frameworks/MapKit.framework; sourceTree = SDKROOT; };
		8680E5691852F91800B2D841 /* libPods.a */ = {isa = PBXFileReference; lastKnownFileType = archive.ar; name = libPods.a; path = "Pods/build/Debug-iphoneos/libPods.a"; sourceTree = "<group>"; };
		8680E56F185318B200B2D841 /* ClusterizeTests.octest */ = {isa = PBXFileReference; explicitFileType = wrapper.cfbundle; includeInIndex = 0; path = ClusterizeTests.octest; sourceTree = BUILT_PRODUCTS_DIR; };
		8680E570185318B200B2D841 /* SenTestingKit.framework */ = {isa = PBXFileReference; lastKnownFileType = wrapper.framework; name = SenTestingKit.framework; path = Library/Frameworks/SenTestingKit.framework; sourceTree = DEVELOPER_DIR; };
		8680E576185318B200B2D841 /* ClusterizeTests-Info.plist */ = {isa = PBXFileReference; lastKnownFileType = text.plist.xml; path = "ClusterizeTests-Info.plist"; sourceTree = "<group>"; };
		8680E578185318B200B2D841 /* en */ = {isa = PBXFileReference; lastKnownFileType = text.plist.strings; name = en; path = en.lproj/InfoPlist.strings; sourceTree = "<group>"; };
		8680E57A185318B200B2D841 /* ClusterizeTests.m */ = {isa = PBXFileReference; lastKnownFileType = sourcecode.c.objc; path = ClusterizeTests.m; sourceTree = "<group>"; };
		8680E57C185318B200B2D841 /* ClusterizeTests-Prefix.pch */ = {isa = PBXFileReference; lastKnownFileType = sourcecode.c.h; path = "ClusterizeTests-Prefix.pch"; sourceTree = "<group>"; };
		8680E583185378A400B2D841 /* Geometry_Unused.h */ = {isa = PBXFileReference; fileEncoding = 4; lastKnownFileType = sourcecode.c.h; path = Geometry_Unused.h; sourceTree = "<group>"; };
		8680E584185378FD00B2D841 /* Clusterize_Unused_Tests.m */ = {isa = PBXFileReference; fileEncoding = 4; lastKnownFileType = sourcecode.c.objc; path = Clusterize_Unused_Tests.m; sourceTree = "<group>"; };
		AB766E6DFC04401C8A28E069 /* libPods-ClusterizeTests.a */ = {isa = PBXFileReference; explicitFileType = archive.ar; includeInIndex = 0; path = "libPods-ClusterizeTests.a"; sourceTree = BUILT_PRODUCTS_DIR; };
/* End PBXFileReference section */

/* Begin PBXFrameworksBuildPhase section */
		8680E5181852D71700B2D841 /* Frameworks */ = {
			isa = PBXFrameworksBuildPhase;
			buildActionMask = 2147483647;
			files = (
				8680E5681852D88500B2D841 /* MapKit.framework in Frameworks */,
				8680E5211852D71700B2D841 /* CoreGraphics.framework in Frameworks */,
				8680E5231852D71700B2D841 /* UIKit.framework in Frameworks */,
				8680E51F1852D71700B2D841 /* Foundation.framework in Frameworks */,
				CA69A1FDCBFA411AADE4A4CA /* libPods.a in Frameworks */,
			);
			runOnlyForDeploymentPostprocessing = 0;
		};
		8680E56C185318B200B2D841 /* Frameworks */ = {
			isa = PBXFrameworksBuildPhase;
			buildActionMask = 2147483647;
			files = (
				8680E571185318B200B2D841 /* SenTestingKit.framework in Frameworks */,
				8680E573185318B200B2D841 /* UIKit.framework in Frameworks */,
				8680E572185318B200B2D841 /* Foundation.framework in Frameworks */,
				45F982959993478AB8222D85 /* libPods-ClusterizeTests.a in Frameworks */,
			);
			runOnlyForDeploymentPostprocessing = 0;
		};
/* End PBXFrameworksBuildPhase section */

/* Begin PBXGroup section */
		8680E5121852D71700B2D841 = {
			isa = PBXGroup;
			children = (
				8680E5561852D74800B2D841 /* Clusterize */,
				8680E5241852D71700B2D841 /* ClusterizeDevelopmentApp */,
				8680E574185318B200B2D841 /* ClusterizeTests */,
				8680E51D1852D71700B2D841 /* Frameworks */,
				8680E51C1852D71700B2D841 /* Products */,
				50002AE1D84443E58EEC6E95 /* Pods.xcconfig */,
				518321928A89427C967EDAB4 /* Pods-ClusterizeTests.xcconfig */,
			);
			sourceTree = "<group>";
		};
		8680E51C1852D71700B2D841 /* Products */ = {
			isa = PBXGroup;
			children = (
				8680E51B1852D71700B2D841 /* ClusterizeDevelopmentApp.app */,
				8680E56F185318B200B2D841 /* ClusterizeTests.octest */,
			);
			name = Products;
			sourceTree = "<group>";
		};
		8680E51D1852D71700B2D841 /* Frameworks */ = {
			isa = PBXGroup;
			children = (
				8680E5691852F91800B2D841 /* libPods.a */,
				8680E5671852D88500B2D841 /* MapKit.framework */,
				8680E51E1852D71700B2D841 /* Foundation.framework */,
				8680E5201852D71700B2D841 /* CoreGraphics.framework */,
				8680E5221852D71700B2D841 /* UIKit.framework */,
				8680E5401852D71700B2D841 /* XCTest.framework */,
				64A2E1EFF09444B39D50A3B9 /* libPods.a */,
				8680E570185318B200B2D841 /* SenTestingKit.framework */,
				AB766E6DFC04401C8A28E069 /* libPods-ClusterizeTests.a */,
			);
			name = Frameworks;
			sourceTree = "<group>";
		};
		8680E5241852D71700B2D841 /* ClusterizeDevelopmentApp */ = {
			isa = PBXGroup;
			children = (
				8680E52D1852D71700B2D841 /* AppDelegate.h */,
				8680E52E1852D71700B2D841 /* AppDelegate.m */,
				8680E5301852D71700B2D841 /* Main_iPhone.storyboard */,
				8680E5331852D71700B2D841 /* Main_iPad.storyboard */,
				8680E5361852D71700B2D841 /* ViewController.h */,
				8680E5371852D71700B2D841 /* ViewController.m */,
				8680E5601852D74800B2D841 /* SingleAnnotation.h */,
				8680E5391852D71700B2D841 /* Images.xcassets */,
				8680E5251852D71700B2D841 /* Supporting Files */,
			);
			path = ClusterizeDevelopmentApp;
			sourceTree = "<group>";
		};
		8680E5251852D71700B2D841 /* Supporting Files */ = {
			isa = PBXGroup;
			children = (
				8680E5261852D71700B2D841 /* ClusterizeDevelopmentApp-Info.plist */,
				8680E5271852D71700B2D841 /* InfoPlist.strings */,
				8680E52A1852D71700B2D841 /* main.m */,
				8680E52C1852D71700B2D841 /* ClusterizeDevelopmentApp-Prefix.pch */,
			);
			name = "Supporting Files";
			sourceTree = "<group>";
		};
		8680E5561852D74800B2D841 /* Clusterize */ = {
			isa = PBXGroup;
			children = (
				8680E5571852D74800B2D841 /* Centroid.h */,
				8680E5581852D74800B2D841 /* Centroid.m */,
				8680E5591852D74800B2D841 /* ClusterAnnotation.h */,
				8680E55A1852D74800B2D841 /* ClusterAnnotation.m */,
				8680E55B1852D74800B2D841 /* Geometry.h */,
				8680E55C1852D74800B2D841 /* KDTree.h */,
				8680E55D1852D74800B2D841 /* KDTree.m */,
				8680E55E1852D74800B2D841 /* KDTreeNode.h */,
				8680E55F1852D74800B2D841 /* KDTreeNode.m */,
				8680E5611852D74800B2D841 /* SingleAnnotation.m */,
				8680E583185378A400B2D841 /* Geometry_Unused.h */,
			);
			name = Clusterize;
			path = ../Clusterize;
			sourceTree = "<group>";
		};
		8680E574185318B200B2D841 /* ClusterizeTests */ = {
			isa = PBXGroup;
			children = (
				8680E57A185318B200B2D841 /* ClusterizeTests.m */,
				8680E575185318B200B2D841 /* Supporting Files */,
				8680E584185378FD00B2D841 /* Clusterize_Unused_Tests.m */,
			);
			path = ClusterizeTests;
			sourceTree = "<group>";
		};
		8680E575185318B200B2D841 /* Supporting Files */ = {
			isa = PBXGroup;
			children = (
				8680E576185318B200B2D841 /* ClusterizeTests-Info.plist */,
				8680E577185318B200B2D841 /* InfoPlist.strings */,
				8680E57C185318B200B2D841 /* ClusterizeTests-Prefix.pch */,
			);
			name = "Supporting Files";
			sourceTree = "<group>";
		};
/* End PBXGroup section */

/* Begin PBXNativeTarget section */
		8680E51A1852D71700B2D841 /* ClusterizeDevelopmentApp */ = {
			isa = PBXNativeTarget;
			buildConfigurationList = 8680E5501852D71700B2D841 /* Build configuration list for PBXNativeTarget "ClusterizeDevelopmentApp" */;
			buildPhases = (
				4E743B50308D42B391CA5A2B /* Check Pods Manifest.lock */,
				8680E5171852D71700B2D841 /* Sources */,
				8680E5181852D71700B2D841 /* Frameworks */,
				8680E5191852D71700B2D841 /* Resources */,
				87C513AD5F6042D8A74BCAA9 /* Copy Pods Resources */,
			);
			buildRules = (
			);
			dependencies = (
			);
			name = ClusterizeDevelopmentApp;
			productName = ClusterizeDevelopmentApp;
			productReference = 8680E51B1852D71700B2D841 /* ClusterizeDevelopmentApp.app */;
			productType = "com.apple.product-type.application";
		};
		8680E56E185318B200B2D841 /* ClusterizeTests */ = {
			isa = PBXNativeTarget;
			buildConfigurationList = 8680E57F185318B200B2D841 /* Build configuration list for PBXNativeTarget "ClusterizeTests" */;
			buildPhases = (
				60D6A5501177459CA7394575 /* Check Pods Manifest.lock */,
				8680E56B185318B200B2D841 /* Sources */,
				8680E56C185318B200B2D841 /* Frameworks */,
				8680E56D185318B200B2D841 /* Resources */,
				6A05BB69DF7142D1A17C1DBC /* Copy Pods Resources */,
			);
			buildRules = (
			);
			dependencies = (
			);
			name = ClusterizeTests;
			productName = ClusterizeTests;
			productReference = 8680E56F185318B200B2D841 /* ClusterizeTests.octest */;
			productType = "com.apple.product-type.bundle";
		};
/* End PBXNativeTarget section */

/* Begin PBXProject section */
		8680E5131852D71700B2D841 /* Project object */ = {
			isa = PBXProject;
			attributes = {
				LastUpgradeCheck = 0500;
				ORGANIZATIONNAME = "Stanislaw Pankevich";
			};
			buildConfigurationList = 8680E5161852D71700B2D841 /* Build configuration list for PBXProject "ClusterizeDevelopmentApp" */;
			compatibilityVersion = "Xcode 3.2";
			developmentRegion = English;
			hasScannedForEncodings = 0;
			knownRegions = (
				en,
				Base,
			);
			mainGroup = 8680E5121852D71700B2D841;
			productRefGroup = 8680E51C1852D71700B2D841 /* Products */;
			projectDirPath = "";
			projectRoot = "";
			targets = (
				8680E51A1852D71700B2D841 /* ClusterizeDevelopmentApp */,
				8680E56E185318B200B2D841 /* ClusterizeTests */,
			);
		};
/* End PBXProject section */

/* Begin PBXResourcesBuildPhase section */
		8680E5191852D71700B2D841 /* Resources */ = {
			isa = PBXResourcesBuildPhase;
			buildActionMask = 2147483647;
			files = (
				8680E5351852D71700B2D841 /* Main_iPad.storyboard in Resources */,
				8680E53A1852D71700B2D841 /* Images.xcassets in Resources */,
				8680E5321852D71700B2D841 /* Main_iPhone.storyboard in Resources */,
				8680E5291852D71700B2D841 /* InfoPlist.strings in Resources */,
			);
			runOnlyForDeploymentPostprocessing = 0;
		};
		8680E56D185318B200B2D841 /* Resources */ = {
			isa = PBXResourcesBuildPhase;
			buildActionMask = 2147483647;
			files = (
				8680E579185318B200B2D841 /* InfoPlist.strings in Resources */,
			);
			runOnlyForDeploymentPostprocessing = 0;
		};
/* End PBXResourcesBuildPhase section */

/* Begin PBXShellScriptBuildPhase section */
		4E743B50308D42B391CA5A2B /* Check Pods Manifest.lock */ = {
			isa = PBXShellScriptBuildPhase;
			buildActionMask = 2147483647;
			files = (
			);
			inputPaths = (
			);
			name = "Check Pods Manifest.lock";
			outputPaths = (
			);
			runOnlyForDeploymentPostprocessing = 0;
			shellPath = /bin/sh;
			shellScript = "diff \"${PODS_ROOT}/../Podfile.lock\" \"${PODS_ROOT}/Manifest.lock\" > /dev/null\nif [[ $? != 0 ]] ; then\n    cat << EOM\nerror: The sandbox is not in sync with the Podfile.lock. Run 'pod install' or update your CocoaPods installation.\nEOM\n    exit 1\nfi\n";
			showEnvVarsInLog = 0;
		};
		60D6A5501177459CA7394575 /* Check Pods Manifest.lock */ = {
			isa = PBXShellScriptBuildPhase;
			buildActionMask = 2147483647;
			files = (
			);
			inputPaths = (
			);
			name = "Check Pods Manifest.lock";
			outputPaths = (
			);
			runOnlyForDeploymentPostprocessing = 0;
			shellPath = /bin/sh;
			shellScript = "diff \"${PODS_ROOT}/../Podfile.lock\" \"${PODS_ROOT}/Manifest.lock\" > /dev/null\nif [[ $? != 0 ]] ; then\n    cat << EOM\nerror: The sandbox is not in sync with the Podfile.lock. Run 'pod install' or update your CocoaPods installation.\nEOM\n    exit 1\nfi\n";
			showEnvVarsInLog = 0;
		};
		6A05BB69DF7142D1A17C1DBC /* Copy Pods Resources */ = {
			isa = PBXShellScriptBuildPhase;
			buildActionMask = 2147483647;
			files = (
			);
			inputPaths = (
			);
			name = "Copy Pods Resources";
			outputPaths = (
			);
			runOnlyForDeploymentPostprocessing = 0;
			shellPath = /bin/sh;
			shellScript = "\"${SRCROOT}/Pods/Pods-ClusterizeTests-resources.sh\"\n";
			showEnvVarsInLog = 0;
		};
		87C513AD5F6042D8A74BCAA9 /* Copy Pods Resources */ = {
			isa = PBXShellScriptBuildPhase;
			buildActionMask = 2147483647;
			files = (
			);
			inputPaths = (
			);
			name = "Copy Pods Resources";
			outputPaths = (
			);
			runOnlyForDeploymentPostprocessing = 0;
			shellPath = /bin/sh;
			shellScript = "\"${SRCROOT}/Pods/Pods-resources.sh\"\n";
			showEnvVarsInLog = 0;
		};
/* End PBXShellScriptBuildPhase section */

/* Begin PBXSourcesBuildPhase section */
		8680E5171852D71700B2D841 /* Sources */ = {
			isa = PBXSourcesBuildPhase;
			buildActionMask = 2147483647;
			files = (
				8680E5631852D74800B2D841 /* ClusterAnnotation.m in Sources */,
				8680E5381852D71700B2D841 /* ViewController.m in Sources */,
				8680E5661852D74800B2D841 /* SingleAnnotation.m in Sources */,
				8680E5641852D74800B2D841 /* KDTree.m in Sources */,
				8680E5621852D74800B2D841 /* Centroid.m in Sources */,
				8680E52F1852D71700B2D841 /* AppDelegate.m in Sources */,
				8680E52B1852D71700B2D841 /* main.m in Sources */,
				8680E5651852D74800B2D841 /* KDTreeNode.m in Sources */,
			);
			runOnlyForDeploymentPostprocessing = 0;
		};
		8680E56B185318B200B2D841 /* Sources */ = {
			isa = PBXSourcesBuildPhase;
			buildActionMask = 2147483647;
			files = (
				8680E57B185318B200B2D841 /* ClusterizeTests.m in Sources */,
				8680E585185378FD00B2D841 /* Clusterize_Unused_Tests.m in Sources */,
			);
			runOnlyForDeploymentPostprocessing = 0;
		};
/* End PBXSourcesBuildPhase section */

/* Begin PBXVariantGroup section */
		8680E5271852D71700B2D841 /* InfoPlist.strings */ = {
			isa = PBXVariantGroup;
			children = (
				8680E5281852D71700B2D841 /* en */,
			);
			name = InfoPlist.strings;
			sourceTree = "<group>";
		};
		8680E5301852D71700B2D841 /* Main_iPhone.storyboard */ = {
			isa = PBXVariantGroup;
			children = (
				8680E5311852D71700B2D841 /* Base */,
			);
			name = Main_iPhone.storyboard;
			sourceTree = "<group>";
		};
		8680E5331852D71700B2D841 /* Main_iPad.storyboard */ = {
			isa = PBXVariantGroup;
			children = (
				8680E5341852D71700B2D841 /* Base */,
			);
			name = Main_iPad.storyboard;
			sourceTree = "<group>";
		};
		8680E577185318B200B2D841 /* InfoPlist.strings */ = {
			isa = PBXVariantGroup;
			children = (
				8680E578185318B200B2D841 /* en */,
			);
			name = InfoPlist.strings;
			sourceTree = "<group>";
		};
/* End PBXVariantGroup section */

/* Begin XCBuildConfiguration section */
		8680E54E1852D71700B2D841 /* Debug */ = {
			isa = XCBuildConfiguration;
			buildSettings = {
				ALWAYS_SEARCH_USER_PATHS = NO;
				ARCHS = "$(ARCHS_STANDARD_INCLUDING_64_BIT)";
				CLANG_CXX_LANGUAGE_STANDARD = "gnu++0x";
				CLANG_CXX_LIBRARY = "libc++";
				CLANG_ENABLE_MODULES = YES;
				CLANG_ENABLE_OBJC_ARC = YES;
				CLANG_WARN_BOOL_CONVERSION = YES;
				CLANG_WARN_CONSTANT_CONVERSION = YES;
				CLANG_WARN_DIRECT_OBJC_ISA_USAGE = YES_ERROR;
				CLANG_WARN_EMPTY_BODY = YES;
				CLANG_WARN_ENUM_CONVERSION = YES;
				CLANG_WARN_INT_CONVERSION = YES;
				CLANG_WARN_OBJC_ROOT_CLASS = YES_ERROR;
				CLANG_WARN__DUPLICATE_METHOD_MATCH = YES;
				"CODE_SIGN_IDENTITY[sdk=iphoneos*]" = "iPhone Developer";
				COPY_PHASE_STRIP = NO;
				GCC_C_LANGUAGE_STANDARD = gnu99;
				GCC_DYNAMIC_NO_PIC = NO;
				GCC_OPTIMIZATION_LEVEL = 0;
				GCC_PREPROCESSOR_DEFINITIONS = (
					"DEBUG=1",
					"$(inherited)",
				);
				GCC_SYMBOLS_PRIVATE_EXTERN = NO;
				GCC_WARN_64_TO_32_BIT_CONVERSION = YES;
				GCC_WARN_ABOUT_RETURN_TYPE = YES_ERROR;
				GCC_WARN_UNDECLARED_SELECTOR = YES;
				GCC_WARN_UNINITIALIZED_AUTOS = YES;
				GCC_WARN_UNUSED_FUNCTION = YES;
				GCC_WARN_UNUSED_VARIABLE = YES;
				IPHONEOS_DEPLOYMENT_TARGET = 6.0;
				ONLY_ACTIVE_ARCH = YES;
				SDKROOT = iphoneos;
				TARGETED_DEVICE_FAMILY = "1,2";
			};
			name = Debug;
		};
		8680E54F1852D71700B2D841 /* Release */ = {
			isa = XCBuildConfiguration;
			buildSettings = {
				ALWAYS_SEARCH_USER_PATHS = NO;
				ARCHS = "$(ARCHS_STANDARD_INCLUDING_64_BIT)";
				CLANG_CXX_LANGUAGE_STANDARD = "gnu++0x";
				CLANG_CXX_LIBRARY = "libc++";
				CLANG_ENABLE_MODULES = YES;
				CLANG_ENABLE_OBJC_ARC = YES;
				CLANG_WARN_BOOL_CONVERSION = YES;
				CLANG_WARN_CONSTANT_CONVERSION = YES;
				CLANG_WARN_DIRECT_OBJC_ISA_USAGE = YES_ERROR;
				CLANG_WARN_EMPTY_BODY = YES;
				CLANG_WARN_ENUM_CONVERSION = YES;
				CLANG_WARN_INT_CONVERSION = YES;
				CLANG_WARN_OBJC_ROOT_CLASS = YES_ERROR;
				CLANG_WARN__DUPLICATE_METHOD_MATCH = YES;
				"CODE_SIGN_IDENTITY[sdk=iphoneos*]" = "iPhone Developer";
				COPY_PHASE_STRIP = YES;
				ENABLE_NS_ASSERTIONS = NO;
				GCC_C_LANGUAGE_STANDARD = gnu99;
				GCC_WARN_64_TO_32_BIT_CONVERSION = YES;
				GCC_WARN_ABOUT_RETURN_TYPE = YES_ERROR;
				GCC_WARN_UNDECLARED_SELECTOR = YES;
				GCC_WARN_UNINITIALIZED_AUTOS = YES;
				GCC_WARN_UNUSED_FUNCTION = YES;
				GCC_WARN_UNUSED_VARIABLE = YES;
				IPHONEOS_DEPLOYMENT_TARGET = 6.0;
				SDKROOT = iphoneos;
				TARGETED_DEVICE_FAMILY = "1,2";
				VALIDATE_PRODUCT = YES;
			};
			name = Release;
		};
		8680E5511852D71700B2D841 /* Debug */ = {
			isa = XCBuildConfiguration;
			baseConfigurationReference = 50002AE1D84443E58EEC6E95 /* Pods.xcconfig */;
			buildSettings = {
				ASSETCATALOG_COMPILER_APPICON_NAME = AppIcon;
				ASSETCATALOG_COMPILER_LAUNCHIMAGE_NAME = LaunchImage;
				GCC_PRECOMPILE_PREFIX_HEADER = YES;
				GCC_PREFIX_HEADER = "ClusterizeDevelopmentApp/ClusterizeDevelopmentApp-Prefix.pch";
				INFOPLIST_FILE = "ClusterizeDevelopmentApp/ClusterizeDevelopmentApp-Info.plist";
				PRODUCT_NAME = "$(TARGET_NAME)";
				WRAPPER_EXTENSION = app;
			};
			name = Debug;
		};
		8680E5521852D71700B2D841 /* Release */ = {
			isa = XCBuildConfiguration;
			baseConfigurationReference = 50002AE1D84443E58EEC6E95 /* Pods.xcconfig */;
			buildSettings = {
				ASSETCATALOG_COMPILER_APPICON_NAME = AppIcon;
				ASSETCATALOG_COMPILER_LAUNCHIMAGE_NAME = LaunchImage;
				GCC_PRECOMPILE_PREFIX_HEADER = YES;
				GCC_PREFIX_HEADER = "ClusterizeDevelopmentApp/ClusterizeDevelopmentApp-Prefix.pch";
				INFOPLIST_FILE = "ClusterizeDevelopmentApp/ClusterizeDevelopmentApp-Info.plist";
				PRODUCT_NAME = "$(TARGET_NAME)";
				WRAPPER_EXTENSION = app;
			};
			name = Release;
		};
		8680E580185318B200B2D841 /* Debug */ = {
			isa = XCBuildConfiguration;
			baseConfigurationReference = 518321928A89427C967EDAB4 /* Pods-ClusterizeTests.xcconfig */;
			buildSettings = {
				ARCHS = "$(ARCHS_STANDARD_INCLUDING_64_BIT)";
				FRAMEWORK_SEARCH_PATHS = (
					"$(SDKROOT)/Developer/Library/Frameworks",
					"$(inherited)",
					"$(DEVELOPER_FRAMEWORKS_DIR)",
				);
				GCC_PRECOMPILE_PREFIX_HEADER = YES;
				GCC_PREFIX_HEADER = "ClusterizeTests/ClusterizeTests-Prefix.pch";
				GCC_PREPROCESSOR_DEFINITIONS = (
					"DEBUG=1",
					"$(inherited)",
				);
				INFOPLIST_FILE = "ClusterizeTests/ClusterizeTests-Info.plist";
				PRODUCT_NAME = "$(TARGET_NAME)";
				WRAPPER_EXTENSION = octest;
			};
			name = Debug;
		};
		8680E581185318B200B2D841 /* Release */ = {
			isa = XCBuildConfiguration;
			baseConfigurationReference = 518321928A89427C967EDAB4 /* Pods-ClusterizeTests.xcconfig */;
			buildSettings = {
				ARCHS = "$(ARCHS_STANDARD_INCLUDING_64_BIT)";
				FRAMEWORK_SEARCH_PATHS = (
					"$(SDKROOT)/Developer/Library/Frameworks",
					"$(inherited)",
					"$(DEVELOPER_FRAMEWORKS_DIR)",
				);
				GCC_PRECOMPILE_PREFIX_HEADER = YES;
				GCC_PREFIX_HEADER = "ClusterizeTests/ClusterizeTests-Prefix.pch";
				INFOPLIST_FILE = "ClusterizeTests/ClusterizeTests-Info.plist";
				PRODUCT_NAME = "$(TARGET_NAME)";
				WRAPPER_EXTENSION = octest;
			};
			name = Release;
		};
/* End XCBuildConfiguration section */

/* Begin XCConfigurationList section */
		8680E5161852D71700B2D841 /* Build configuration list for PBXProject "ClusterizeDevelopmentApp" */ = {
			isa = XCConfigurationList;
			buildConfigurations = (
				8680E54E1852D71700B2D841 /* Debug */,
				8680E54F1852D71700B2D841 /* Release */,
			);
			defaultConfigurationIsVisible = 0;
			defaultConfigurationName = Release;
		};
		8680E5501852D71700B2D841 /* Build configuration list for PBXNativeTarget "ClusterizeDevelopmentApp" */ = {
			isa = XCConfigurationList;
			buildConfigurations = (
				8680E5511852D71700B2D841 /* Debug */,
				8680E5521852D71700B2D841 /* Release */,
			);
			defaultConfigurationIsVisible = 0;
			defaultConfigurationName = Release;
		};
		8680E57F185318B200B2D841 /* Build configuration list for PBXNativeTarget "ClusterizeTests" */ = {
			isa = XCConfigurationList;
			buildConfigurations = (
				8680E580185318B200B2D841 /* Debug */,
				8680E581185318B200B2D841 /* Release */,
			);
			defaultConfigurationIsVisible = 0;
			defaultConfigurationName = Release;
		};
/* End XCConfigurationList section */
	};
	rootObject = 8680E5131852D71700B2D841 /* Project object */;
}
